// !$*UTF8*$!
{
	archiveVersion = 1;
	classes = {
	};
	objectVersion = 51;
	objects = {

/* Begin PBXBuildFile section */
		452B09222619CD7100C4A461 /* GlobalHelpers.swift in Sources */ = {isa = PBXBuildFile; fileRef = 452B09212619CD7100C4A461 /* GlobalHelpers.swift */; };
		452B0928261B216600C4A461 /* HourlyWeather.swift in Sources */ = {isa = PBXBuildFile; fileRef = 452B0927261B216600C4A461 /* HourlyWeather.swift */; };
		452B092E261B30D600C4A461 /* WeeklyWeather.swift in Sources */ = {isa = PBXBuildFile; fileRef = 452B092D261B30D600C4A461 /* WeeklyWeather.swift */; };
		45C4A54A26199C9300B3E1D0 /* AppDelegate.swift in Sources */ = {isa = PBXBuildFile; fileRef = 45C4A54926199C9300B3E1D0 /* AppDelegate.swift */; };
		45C4A54C26199C9300B3E1D0 /* SceneDelegate.swift in Sources */ = {isa = PBXBuildFile; fileRef = 45C4A54B26199C9300B3E1D0 /* SceneDelegate.swift */; };
		45C4A54E26199C9300B3E1D0 /* ViewController.swift in Sources */ = {isa = PBXBuildFile; fileRef = 45C4A54D26199C9300B3E1D0 /* ViewController.swift */; };
		45C4A55126199C9300B3E1D0 /* Main.storyboard in Resources */ = {isa = PBXBuildFile; fileRef = 45C4A54F26199C9300B3E1D0 /* Main.storyboard */; };
		45C4A55326199C9600B3E1D0 /* Assets.xcassets in Resources */ = {isa = PBXBuildFile; fileRef = 45C4A55226199C9600B3E1D0 /* Assets.xcassets */; };
		45C4A55626199C9600B3E1D0 /* LaunchScreen.storyboard in Resources */ = {isa = PBXBuildFile; fileRef = 45C4A55426199C9600B3E1D0 /* LaunchScreen.storyboard */; };
		45C4A5682619A65900B3E1D0 /* CurrentWeather.swift in Sources */ = {isa = PBXBuildFile; fileRef = 45C4A5672619A65900B3E1D0 /* CurrentWeather.swift */; };
		4FAD3529CDB855CDE142DAB1 /* Pods_weatherApp.framework in Frameworks */ = {isa = PBXBuildFile; fileRef = A4FDA0FBC55A328BC84A8A6B /* Pods_weatherApp.framework */; };
/* End PBXBuildFile section */

/* Begin PBXFileReference section */
		452B09212619CD7100C4A461 /* GlobalHelpers.swift */ = {isa = PBXFileReference; lastKnownFileType = sourcecode.swift; path = GlobalHelpers.swift; sourceTree = "<group>"; };
		452B0927261B216600C4A461 /* HourlyWeather.swift */ = {isa = PBXFileReference; lastKnownFileType = sourcecode.swift; path = HourlyWeather.swift; sourceTree = "<group>"; };
		452B092D261B30D600C4A461 /* WeeklyWeather.swift */ = {isa = PBXFileReference; lastKnownFileType = sourcecode.swift; path = WeeklyWeather.swift; sourceTree = "<group>"; };
		45C4A54626199C9300B3E1D0 /* WeatherApp.app */ = {isa = PBXFileReference; explicitFileType = wrapper.application; includeInIndex = 0; path = WeatherApp.app; sourceTree = BUILT_PRODUCTS_DIR; };
		45C4A54926199C9300B3E1D0 /* AppDelegate.swift */ = {isa = PBXFileReference; lastKnownFileType = sourcecode.swift; path = AppDelegate.swift; sourceTree = "<group>"; };
		45C4A54B26199C9300B3E1D0 /* SceneDelegate.swift */ = {isa = PBXFileReference; lastKnownFileType = sourcecode.swift; path = SceneDelegate.swift; sourceTree = "<group>"; };
		45C4A54D26199C9300B3E1D0 /* ViewController.swift */ = {isa = PBXFileReference; lastKnownFileType = sourcecode.swift; path = ViewController.swift; sourceTree = "<group>"; };
		45C4A55026199C9300B3E1D0 /* Base */ = {isa = PBXFileReference; lastKnownFileType = file.storyboard; name = Base; path = Base.lproj/Main.storyboard; sourceTree = "<group>"; };
		45C4A55226199C9600B3E1D0 /* Assets.xcassets */ = {isa = PBXFileReference; lastKnownFileType = folder.assetcatalog; path = Assets.xcassets; sourceTree = "<group>"; };
		45C4A55526199C9600B3E1D0 /* Base */ = {isa = PBXFileReference; lastKnownFileType = file.storyboard; name = Base; path = Base.lproj/LaunchScreen.storyboard; sourceTree = "<group>"; };
		45C4A55726199C9600B3E1D0 /* Info.plist */ = {isa = PBXFileReference; lastKnownFileType = text.plist.xml; path = Info.plist; sourceTree = "<group>"; };
		45C4A5672619A65900B3E1D0 /* CurrentWeather.swift */ = {isa = PBXFileReference; lastKnownFileType = sourcecode.swift; path = CurrentWeather.swift; sourceTree = "<group>"; };
		A4FDA0FBC55A328BC84A8A6B /* Pods_weatherApp.framework */ = {isa = PBXFileReference; explicitFileType = wrapper.framework; includeInIndex = 0; path = Pods_weatherApp.framework; sourceTree = BUILT_PRODUCTS_DIR; };
		CDC53D9CB9CF6EBBD9395FB8 /* Pods-weatherApp.release.xcconfig */ = {isa = PBXFileReference; includeInIndex = 1; lastKnownFileType = text.xcconfig; name = "Pods-weatherApp.release.xcconfig"; path = "Target Support Files/Pods-weatherApp/Pods-weatherApp.release.xcconfig"; sourceTree = "<group>"; };
		F17FBD896531C1964E80A4DC /* Pods-weatherApp.debug.xcconfig */ = {isa = PBXFileReference; includeInIndex = 1; lastKnownFileType = text.xcconfig; name = "Pods-weatherApp.debug.xcconfig"; path = "Target Support Files/Pods-weatherApp/Pods-weatherApp.debug.xcconfig"; sourceTree = "<group>"; };
/* End PBXFileReference section */

/* Begin PBXFrameworksBuildPhase section */
		45C4A54326199C9300B3E1D0 /* Frameworks */ = {
			isa = PBXFrameworksBuildPhase;
			buildActionMask = 2147483647;
			files = (
				4FAD3529CDB855CDE142DAB1 /* Pods_weatherApp.framework in Frameworks */,
			);
			runOnlyForDeploymentPostprocessing = 0;
		};
/* End PBXFrameworksBuildPhase section */

/* Begin PBXGroup section */
		45C4A53D26199C9300B3E1D0 = {
			isa = PBXGroup;
			children = (
				45C4A54826199C9300B3E1D0 /* WeatherApp */,
				45C4A54726199C9300B3E1D0 /* Products */,
				DC7D782BF2C679AC9D3719D2 /* Pods */,
				8E5D91E4F95F7BD3C379EA9B /* Frameworks */,
			);
			sourceTree = "<group>";
		};
		45C4A54726199C9300B3E1D0 /* Products */ = {
			isa = PBXGroup;
			children = (
				45C4A54626199C9300B3E1D0 /* WeatherApp.app */,
			);
			name = Products;
			sourceTree = "<group>";
		};
		45C4A54826199C9300B3E1D0 /* WeatherApp */ = {
			isa = PBXGroup;
			children = (
				45C4A56A2619A66800B3E1D0 /* Model */,
				45C4A54926199C9300B3E1D0 /* AppDelegate.swift */,
				45C4A54B26199C9300B3E1D0 /* SceneDelegate.swift */,
				45C4A54D26199C9300B3E1D0 /* ViewController.swift */,
				45C4A54F26199C9300B3E1D0 /* Main.storyboard */,
				45C4A55226199C9600B3E1D0 /* Assets.xcassets */,
				45C4A55426199C9600B3E1D0 /* LaunchScreen.storyboard */,
				45C4A55726199C9600B3E1D0 /* Info.plist */,
				452B09212619CD7100C4A461 /* GlobalHelpers.swift */,
			);
			path = WeatherApp;
			sourceTree = "<group>";
		};
		45C4A56A2619A66800B3E1D0 /* Model */ = {
			isa = PBXGroup;
			children = (
				45C4A5672619A65900B3E1D0 /* CurrentWeather.swift */,
				452B0927261B216600C4A461 /* HourlyWeather.swift */,
				452B092D261B30D600C4A461 /* WeeklyWeather.swift */,
			);
			path = Model;
			sourceTree = "<group>";
		};
		8E5D91E4F95F7BD3C379EA9B /* Frameworks */ = {
			isa = PBXGroup;
			children = (
				A4FDA0FBC55A328BC84A8A6B /* Pods_weatherApp.framework */,
			);
			name = Frameworks;
			sourceTree = "<group>";
		};
		DC7D782BF2C679AC9D3719D2 /* Pods */ = {
			isa = PBXGroup;
			children = (
				F17FBD896531C1964E80A4DC /* Pods-weatherApp.debug.xcconfig */,
				CDC53D9CB9CF6EBBD9395FB8 /* Pods-weatherApp.release.xcconfig */,
			);
			path = Pods;
			sourceTree = "<group>";
		};
/* End PBXGroup section */

/* Begin PBXNativeTarget section */
		45C4A54526199C9300B3E1D0 /* WeatherApp */ = {
			isa = PBXNativeTarget;
			buildConfigurationList = 45C4A55A26199C9600B3E1D0 /* Build configuration list for PBXNativeTarget "WeatherApp" */;
			buildPhases = (
				0194A52EFA181B6E21E93A3A /* [CP] Check Pods Manifest.lock */,
				45C4A54226199C9300B3E1D0 /* Sources */,
				45C4A54326199C9300B3E1D0 /* Frameworks */,
				45C4A54426199C9300B3E1D0 /* Resources */,
				09E48BAFDFCC55F6D92C4E7B /* [CP] Embed Pods Frameworks */,
			);
			buildRules = (
			);
			dependencies = (
			);
			name = WeatherApp;
			productName = weatherApp;
			productReference = 45C4A54626199C9300B3E1D0 /* WeatherApp.app */;
			productType = "com.apple.product-type.application";
		};
/* End PBXNativeTarget section */

/* Begin PBXProject section */
		45C4A53E26199C9300B3E1D0 /* Project object */ = {
			isa = PBXProject;
			attributes = {
				LastSwiftUpdateCheck = 1220;
				LastUpgradeCheck = 1220;
				TargetAttributes = {
					45C4A54526199C9300B3E1D0 = {
						CreatedOnToolsVersion = 12.2;
					};
				};
			};
			buildConfigurationList = 45C4A54126199C9300B3E1D0 /* Build configuration list for PBXProject "WeatherApp" */;
			compatibilityVersion = "Xcode 9.3";
			developmentRegion = en;
			hasScannedForEncodings = 0;
			knownRegions = (
				en,
				Base,
			);
			mainGroup = 45C4A53D26199C9300B3E1D0;
			productRefGroup = 45C4A54726199C9300B3E1D0 /* Products */;
			projectDirPath = "";
			projectRoot = "";
			targets = (
				45C4A54526199C9300B3E1D0 /* WeatherApp */,
			);
		};
/* End PBXProject section */

/* Begin PBXResourcesBuildPhase section */
		45C4A54426199C9300B3E1D0 /* Resources */ = {
			isa = PBXResourcesBuildPhase;
			buildActionMask = 2147483647;
			files = (
				45C4A55626199C9600B3E1D0 /* LaunchScreen.storyboard in Resources */,
				45C4A55326199C9600B3E1D0 /* Assets.xcassets in Resources */,
				45C4A55126199C9300B3E1D0 /* Main.storyboard in Resources */,
			);
			runOnlyForDeploymentPostprocessing = 0;
		};
/* End PBXResourcesBuildPhase section */

/* Begin PBXShellScriptBuildPhase section */
		0194A52EFA181B6E21E93A3A /* [CP] Check Pods Manifest.lock */ = {
			isa = PBXShellScriptBuildPhase;
			buildActionMask = 2147483647;
			files = (
			);
			inputFileListPaths = (
			);
			inputPaths = (
				"${PODS_PODFILE_DIR_PATH}/Podfile.lock",
				"${PODS_ROOT}/Manifest.lock",
			);
			name = "[CP] Check Pods Manifest.lock";
			outputFileListPaths = (
			);
			outputPaths = (
				"$(DERIVED_FILE_DIR)/Pods-weatherApp-checkManifestLockResult.txt",
			);
			runOnlyForDeploymentPostprocessing = 0;
			shellPath = /bin/sh;
			shellScript = "diff \"${PODS_PODFILE_DIR_PATH}/Podfile.lock\" \"${PODS_ROOT}/Manifest.lock\" > /dev/null\nif [ $? != 0 ] ; then\n    # print error to STDERR\n    echo \"error: The sandbox is not in sync with the Podfile.lock. Run 'pod install' or update your CocoaPods installation.\" >&2\n    exit 1\nfi\n# This output is used by Xcode 'outputs' to avoid re-running this script phase.\necho \"SUCCESS\" > \"${SCRIPT_OUTPUT_FILE_0}\"\n";
			showEnvVarsInLog = 0;
		};
		09E48BAFDFCC55F6D92C4E7B /* [CP] Embed Pods Frameworks */ = {
			isa = PBXShellScriptBuildPhase;
			buildActionMask = 2147483647;
			files = (
			);
			inputFileListPaths = (
				"${PODS_ROOT}/Target Support Files/Pods-weatherApp/Pods-weatherApp-frameworks-${CONFIGURATION}-input-files.xcfilelist",
			);
			name = "[CP] Embed Pods Frameworks";
			outputFileListPaths = (
				"${PODS_ROOT}/Target Support Files/Pods-weatherApp/Pods-weatherApp-frameworks-${CONFIGURATION}-output-files.xcfilelist",
			);
			runOnlyForDeploymentPostprocessing = 0;
			shellPath = /bin/sh;
			shellScript = "\"${PODS_ROOT}/Target Support Files/Pods-weatherApp/Pods-weatherApp-frameworks.sh\"\n";
			showEnvVarsInLog = 0;
		};
/* End PBXShellScriptBuildPhase section */

/* Begin PBXSourcesBuildPhase section */
		45C4A54226199C9300B3E1D0 /* Sources */ = {
			isa = PBXSourcesBuildPhase;
			buildActionMask = 2147483647;
			files = (
				45C4A54E26199C9300B3E1D0 /* ViewController.swift in Sources */,
				45C4A54A26199C9300B3E1D0 /* AppDelegate.swift in Sources */,
				452B09222619CD7100C4A461 /* GlobalHelpers.swift in Sources */,
				452B0928261B216600C4A461 /* HourlyWeather.swift in Sources */,
				452B092E261B30D600C4A461 /* WeeklyWeather.swift in Sources */,
				45C4A5682619A65900B3E1D0 /* CurrentWeather.swift in Sources */,
				45C4A54C26199C9300B3E1D0 /* SceneDelegate.swift in Sources */,
			);
			runOnlyForDeploymentPostprocessing = 0;
		};
/* End PBXSourcesBuildPhase section */

/* Begin PBXVariantGroup section */
		45C4A54F26199C9300B3E1D0 /* Main.storyboard */ = {
			isa = PBXVariantGroup;
			children = (
				45C4A55026199C9300B3E1D0 /* Base */,
			);
			name = Main.storyboard;
			sourceTree = "<group>";
		};
		45C4A55426199C9600B3E1D0 /* LaunchScreen.storyboard */ = {
			isa = PBXVariantGroup;
			children = (
				45C4A55526199C9600B3E1D0 /* Base */,
			);
			name = LaunchScreen.storyboard;
			sourceTree = "<group>";
		};
/* End PBXVariantGroup section */

/* Begin XCBuildConfiguration section */
		45C4A55826199C9600B3E1D0 /* Debug */ = {
			isa = XCBuildConfiguration;
			buildSettings = {
				ALWAYS_SEARCH_USER_PATHS = NO;
				CLANG_ANALYZER_NONNULL = YES;
				CLANG_ANALYZER_NUMBER_OBJECT_CONVERSION = YES_AGGRESSIVE;
				CLANG_CXX_LANGUAGE_STANDARD = "gnu++14";
				CLANG_CXX_LIBRARY = "libc++";
				CLANG_ENABLE_MODULES = YES;
				CLANG_ENABLE_OBJC_ARC = YES;
				CLANG_ENABLE_OBJC_WEAK = YES;
				CLANG_WARN_BLOCK_CAPTURE_AUTORELEASING = YES;
				CLANG_WARN_BOOL_CONVERSION = YES;
				CLANG_WARN_COMMA = YES;
				CLANG_WARN_CONSTANT_CONVERSION = YES;
				CLANG_WARN_DEPRECATED_OBJC_IMPLEMENTATIONS = YES;
				CLANG_WARN_DIRECT_OBJC_ISA_USAGE = YES_ERROR;
				CLANG_WARN_DOCUMENTATION_COMMENTS = YES;
				CLANG_WARN_EMPTY_BODY = YES;
				CLANG_WARN_ENUM_CONVERSION = YES;
				CLANG_WARN_INFINITE_RECURSION = YES;
				CLANG_WARN_INT_CONVERSION = YES;
				CLANG_WARN_NON_LITERAL_NULL_CONVERSION = YES;
				CLANG_WARN_OBJC_IMPLICIT_RETAIN_SELF = YES;
				CLANG_WARN_OBJC_LITERAL_CONVERSION = YES;
				CLANG_WARN_OBJC_ROOT_CLASS = YES_ERROR;
				CLANG_WARN_QUOTED_INCLUDE_IN_FRAMEWORK_HEADER = YES;
				CLANG_WARN_RANGE_LOOP_ANALYSIS = YES;
				CLANG_WARN_STRICT_PROTOTYPES = YES;
				CLANG_WARN_SUSPICIOUS_MOVE = YES;
				CLANG_WARN_UNGUARDED_AVAILABILITY = YES_AGGRESSIVE;
				CLANG_WARN_UNREACHABLE_CODE = YES;
				CLANG_WARN__DUPLICATE_METHOD_MATCH = YES;
				COPY_PHASE_STRIP = NO;
				DEBUG_INFORMATION_FORMAT = dwarf;
				ENABLE_STRICT_OBJC_MSGSEND = YES;
				ENABLE_TESTABILITY = YES;
				GCC_C_LANGUAGE_STANDARD = gnu11;
				GCC_DYNAMIC_NO_PIC = NO;
				GCC_NO_COMMON_BLOCKS = YES;
				GCC_OPTIMIZATION_LEVEL = 0;
				GCC_PREPROCESSOR_DEFINITIONS = (
					"DEBUG=1",
					"$(inherited)",
				);
				GCC_WARN_64_TO_32_BIT_CONVERSION = YES;
				GCC_WARN_ABOUT_RETURN_TYPE = YES_ERROR;
				GCC_WARN_UNDECLARED_SELECTOR = YES;
				GCC_WARN_UNINITIALIZED_AUTOS = YES_AGGRESSIVE;
				GCC_WARN_UNUSED_FUNCTION = YES;
				GCC_WARN_UNUSED_VARIABLE = YES;
				IPHONEOS_DEPLOYMENT_TARGET = 14.2;
				MTL_ENABLE_DEBUG_INFO = INCLUDE_SOURCE;
				MTL_FAST_MATH = YES;
				ONLY_ACTIVE_ARCH = YES;
				SDKROOT = iphoneos;
				SWIFT_ACTIVE_COMPILATION_CONDITIONS = DEBUG;
				SWIFT_OPTIMIZATION_LEVEL = "-Onone";
			};
			name = Debug;
		};
		45C4A55926199C9600B3E1D0 /* Release */ = {
			isa = XCBuildConfiguration;
			buildSettings = {
				ALWAYS_SEARCH_USER_PATHS = NO;
				CLANG_ANALYZER_NONNULL = YES;
				CLANG_ANALYZER_NUMBER_OBJECT_CONVERSION = YES_AGGRESSIVE;
				CLANG_CXX_LANGUAGE_STANDARD = "gnu++14";
				CLANG_CXX_LIBRARY = "libc++";
				CLANG_ENABLE_MODULES = YES;
				CLANG_ENABLE_OBJC_ARC = YES;
				CLANG_ENABLE_OBJC_WEAK = YES;
				CLANG_WARN_BLOCK_CAPTURE_AUTORELEASING = YES;
				CLANG_WARN_BOOL_CONVERSION = YES;
				CLANG_WARN_COMMA = YES;
				CLANG_WARN_CONSTANT_CONVERSION = YES;
				CLANG_WARN_DEPRECATED_OBJC_IMPLEMENTATIONS = YES;
				CLANG_WARN_DIRECT_OBJC_ISA_USAGE = YES_ERROR;
				CLANG_WARN_DOCUMENTATION_COMMENTS = YES;
				CLANG_WARN_EMPTY_BODY = YES;
				CLANG_WARN_ENUM_CONVERSION = YES;
				CLANG_WARN_INFINITE_RECURSION = YES;
				CLANG_WARN_INT_CONVERSION = YES;
				CLANG_WARN_NON_LITERAL_NULL_CONVERSION = YES;
				CLANG_WARN_OBJC_IMPLICIT_RETAIN_SELF = YES;
				CLANG_WARN_OBJC_LITERAL_CONVERSION = YES;
				CLANG_WARN_OBJC_ROOT_CLASS = YES_ERROR;
				CLANG_WARN_QUOTED_INCLUDE_IN_FRAMEWORK_HEADER = YES;
				CLANG_WARN_RANGE_LOOP_ANALYSIS = YES;
				CLANG_WARN_STRICT_PROTOTYPES = YES;
				CLANG_WARN_SUSPICIOUS_MOVE = YES;
				CLANG_WARN_UNGUARDED_AVAILABILITY = YES_AGGRESSIVE;
				CLANG_WARN_UNREACHABLE_CODE = YES;
				CLANG_WARN__DUPLICATE_METHOD_MATCH = YES;
				COPY_PHASE_STRIP = NO;
				DEBUG_INFORMATION_FORMAT = "dwarf-with-dsym";
				ENABLE_NS_ASSERTIONS = NO;
				ENABLE_STRICT_OBJC_MSGSEND = YES;
				GCC_C_LANGUAGE_STANDARD = gnu11;
				GCC_NO_COMMON_BLOCKS = YES;
				GCC_WARN_64_TO_32_BIT_CONVERSION = YES;
				GCC_WARN_ABOUT_RETURN_TYPE = YES_ERROR;
				GCC_WARN_UNDECLARED_SELECTOR = YES;
				GCC_WARN_UNINITIALIZED_AUTOS = YES_AGGRESSIVE;
				GCC_WARN_UNUSED_FUNCTION = YES;
				GCC_WARN_UNUSED_VARIABLE = YES;
				IPHONEOS_DEPLOYMENT_TARGET = 14.2;
				MTL_ENABLE_DEBUG_INFO = NO;
				MTL_FAST_MATH = YES;
				SDKROOT = iphoneos;
				SWIFT_COMPILATION_MODE = wholemodule;
				SWIFT_OPTIMIZATION_LEVEL = "-O";
				VALIDATE_PRODUCT = YES;
			};
			name = Release;
		};
		45C4A55B26199C9600B3E1D0 /* Debug */ = {
			isa = XCBuildConfiguration;
			baseConfigurationReference = F17FBD896531C1964E80A4DC /* Pods-weatherApp.debug.xcconfig */;
			buildSettings = {
				ASSETCATALOG_COMPILER_APPICON_NAME = AppIcon;
				ASSETCATALOG_COMPILER_GLOBAL_ACCENT_COLOR_NAME = AccentColor;
				CODE_SIGN_STYLE = Automatic;
				DEVELOPMENT_TEAM = 433LH3TNXX;
				INFOPLIST_FILE = weatherApp/Info.plist;
				IPHONEOS_DEPLOYMENT_TARGET = 13.0;
				LD_RUNPATH_SEARCH_PATHS = (
					"$(inherited)",
					"@executable_path/Frameworks",
				);
				PRODUCT_BUNDLE_IDENTIFIER = com.yeonBlue.weatherApp;
				PRODUCT_NAME = "$(TARGET_NAME)";
				SWIFT_VERSION = 5.0;
				TARGETED_DEVICE_FAMILY = "1,2";
			};
			name = Debug;
		};
		45C4A55C26199C9600B3E1D0 /* Release */ = {
			isa = XCBuildConfiguration;
			baseConfigurationReference = CDC53D9CB9CF6EBBD9395FB8 /* Pods-weatherApp.release.xcconfig */;
			buildSettings = {
				ASSETCATALOG_COMPILER_APPICON_NAME = AppIcon;
				ASSETCATALOG_COMPILER_GLOBAL_ACCENT_COLOR_NAME = AccentColor;
				CODE_SIGN_STYLE = Automatic;
				DEVELOPMENT_TEAM = 433LH3TNXX;
				INFOPLIST_FILE = weatherApp/Info.plist;
				IPHONEOS_DEPLOYMENT_TARGET = 13.0;
				LD_RUNPATH_SEARCH_PATHS = (
					"$(inherited)",
					"@executable_path/Frameworks",
				);
				PRODUCT_BUNDLE_IDENTIFIER = com.yeonBlue.weatherApp;
				PRODUCT_NAME = "$(TARGET_NAME)";
				SWIFT_VERSION = 5.0;
				TARGETED_DEVICE_FAMILY = "1,2";
			};
			name = Release;
		};
/* End XCBuildConfiguration section */

/* Begin XCConfigurationList section */
		45C4A54126199C9300B3E1D0 /* Build configuration list for PBXProject "WeatherApp" */ = {
			isa = XCConfigurationList;
			buildConfigurations = (
				45C4A55826199C9600B3E1D0 /* Debug */,
				45C4A55926199C9600B3E1D0 /* Release */,
			);
			defaultConfigurationIsVisible = 0;
			defaultConfigurationName = Release;
		};
		45C4A55A26199C9600B3E1D0 /* Build configuration list for PBXNativeTarget "WeatherApp" */ = {
			isa = XCConfigurationList;
			buildConfigurations = (
				45C4A55B26199C9600B3E1D0 /* Debug */,
				45C4A55C26199C9600B3E1D0 /* Release */,
			);
			defaultConfigurationIsVisible = 0;
			defaultConfigurationName = Release;
		};
/* End XCConfigurationList section */
	};
	rootObject = 45C4A53E26199C9300B3E1D0 /* Project object */;
}
